# This file is automatically @generated by Cargo.
# It is not intended for manual editing.
version = 4

[[package]]
name = "modbit-browser"
version = "0.1.0"

[[package]]
name = "modbit-checkpoint"
version = "0.1.0"

[[package]]
name = "modbit-cloud-api"
version = "0.1.0"

[[package]]
name = "modbit-cloud-worker"
version = "0.1.0"

[[package]]
name = "modbit-compaction"
version = "0.1.0"

[[package]]
name = "modbit-context"
version = "0.1.0"

[[package]]
name = "modbit-core-runtime"
version = "0.1.0"

[[package]]
name = "modbit-diagnostics"
version = "0.1.0"

[[package]]
name = "modbit-domain"
version = "0.1.0"

[[package]]
name = "modbit-effects"
version = "0.1.0"

[[package]]
name = "modbit-event-store"
version = "0.1.0"

[[package]]
name = "modbit-execd"
version = "0.1.0"

[[package]]
name = "modbit-git"
version = "0.1.0"

[[package]]
name = "modbit-guest"
version = "0.1.0"

[[package]]
name = "modbit-memory"
version = "0.1.0"

[[package]]
name = "modbit-observability"
version = "0.1.0"

[[package]]
name = "modbit-policy"
version = "0.1.0"

[[package]]
name = "modbit-procedural-runtime"
version = "0.1.0"

[[package]]
name = "modbit-prompt-compiler"
version = "0.1.0"

[[package]]
name = "modbit-protocol"
version = "0.1.0"

[[package]]
name = "modbit-protocol-state"
version = "0.1.0"

[[package]]
name = "modbit-providers"
version = "0.1.0"

[[package]]
name = "modbit-retrieval"
version = "0.1.0"

[[package]]
name = "modbit-sandbox"
version = "0.1.0"

[[package]]
name = "modbit-sandbox-gateway"
version = "0.1.0"

[[package]]
name = "modbit-secrets"
version = "0.1.0"

[[package]]
name = "modbit-skills"
version = "0.1.0"

[[package]]
name = "modbit-terminal"
version = "0.1.0"

[[package]]
name = "modbit-tools"
version = "0.1.0"

[[package]]
name = "modbit-verification"
version = "0.1.0"

[[package]]
name = "modbit-workspace"
version = "0.1.0"
